// !$*UTF8*$!
{
	archiveVersion = 1;
	classes = {
	};
	objectVersion = 46;
	objects = {

/* Begin PBXBuildFile section */
		383B0F812EA49AF1A400E62A /* Pods_PVMovies.framework in Frameworks */ = {isa = PBXBuildFile; fileRef = D56D82A9C41DFC2CBE0FEE36 /* Pods_PVMovies.framework */; };
		906A4DC91F16737C000718C6 /* AppDelegate.swift in Sources */ = {isa = PBXBuildFile; fileRef = 906A4DC81F16737C000718C6 /* AppDelegate.swift */; };
		906A4DCE1F16737C000718C6 /* Main.storyboard in Resources */ = {isa = PBXBuildFile; fileRef = 906A4DCC1F16737C000718C6 /* Main.storyboard */; };
		906A4DD01F16737C000718C6 /* Assets.xcassets in Resources */ = {isa = PBXBuildFile; fileRef = 906A4DCF1F16737C000718C6 /* Assets.xcassets */; };
		906A4DD31F16737C000718C6 /* LaunchScreen.storyboard in Resources */ = {isa = PBXBuildFile; fileRef = 906A4DD11F16737C000718C6 /* LaunchScreen.storyboard */; };
		906A4DDE1F16745C000718C6 /* AppNavigationController.swift in Sources */ = {isa = PBXBuildFile; fileRef = 906A4DDD1F16745C000718C6 /* AppNavigationController.swift */; };
		906A4DE31F167537000718C6 /* LaunchViewController.swift in Sources */ = {isa = PBXBuildFile; fileRef = 906A4DE21F167537000718C6 /* LaunchViewController.swift */; };
		906A4DE51F16755B000718C6 /* LaunchView.swift in Sources */ = {isa = PBXBuildFile; fileRef = 906A4DE41F16755B000718C6 /* LaunchView.swift */; };
		906A4DE71F16756D000718C6 /* MoviesViewController.swift in Sources */ = {isa = PBXBuildFile; fileRef = 906A4DE61F16756D000718C6 /* MoviesViewController.swift */; };
		906A4DE91F167582000718C6 /* DetailsViewController.swift in Sources */ = {isa = PBXBuildFile; fileRef = 906A4DE81F167582000718C6 /* DetailsViewController.swift */; };
		906A4DEB1F167590000718C6 /* MoviesView.swift in Sources */ = {isa = PBXBuildFile; fileRef = 906A4DEA1F167590000718C6 /* MoviesView.swift */; };
		906A4DED1F167599000718C6 /* DetailsView.swift in Sources */ = {isa = PBXBuildFile; fileRef = 906A4DEC1F167599000718C6 /* DetailsView.swift */; };
/* End PBXBuildFile section */

/* Begin PBXFileReference section */
		3A61A351DBEBF86926F7989B /* Pods-PVMovies.release.xcconfig */ = {isa = PBXFileReference; includeInIndex = 1; lastKnownFileType = text.xcconfig; name = "Pods-PVMovies.release.xcconfig"; path = "Pods/Target Support Files/Pods-PVMovies/Pods-PVMovies.release.xcconfig"; sourceTree = "<group>"; };
		906A4DC51F16737C000718C6 /* PVMovies.app */ = {isa = PBXFileReference; explicitFileType = wrapper.application; includeInIndex = 0; path = PVMovies.app; sourceTree = BUILT_PRODUCTS_DIR; };
		906A4DC81F16737C000718C6 /* AppDelegate.swift */ = {isa = PBXFileReference; lastKnownFileType = sourcecode.swift; path = AppDelegate.swift; sourceTree = "<group>"; };
		906A4DCD1F16737C000718C6 /* Base */ = {isa = PBXFileReference; lastKnownFileType = file.storyboard; name = Base; path = Base.lproj/Main.storyboard; sourceTree = "<group>"; };
		906A4DCF1F16737C000718C6 /* Assets.xcassets */ = {isa = PBXFileReference; lastKnownFileType = folder.assetcatalog; path = Assets.xcassets; sourceTree = "<group>"; };
		906A4DD21F16737C000718C6 /* Base */ = {isa = PBXFileReference; lastKnownFileType = file.storyboard; name = Base; path = Base.lproj/LaunchScreen.storyboard; sourceTree = "<group>"; };
		906A4DD41F16737C000718C6 /* Info.plist */ = {isa = PBXFileReference; lastKnownFileType = text.plist.xml; path = Info.plist; sourceTree = "<group>"; };
		906A4DDD1F16745C000718C6 /* AppNavigationController.swift */ = {isa = PBXFileReference; fileEncoding = 4; lastKnownFileType = sourcecode.swift; path = AppNavigationController.swift; sourceTree = "<group>"; };
		906A4DE21F167537000718C6 /* LaunchViewController.swift */ = {isa = PBXFileReference; fileEncoding = 4; lastKnownFileType = sourcecode.swift; path = LaunchViewController.swift; sourceTree = "<group>"; };
		906A4DE41F16755B000718C6 /* LaunchView.swift */ = {isa = PBXFileReference; fileEncoding = 4; lastKnownFileType = sourcecode.swift; path = LaunchView.swift; sourceTree = "<group>"; };
		906A4DE61F16756D000718C6 /* MoviesViewController.swift */ = {isa = PBXFileReference; fileEncoding = 4; lastKnownFileType = sourcecode.swift; path = MoviesViewController.swift; sourceTree = "<group>"; };
		906A4DE81F167582000718C6 /* DetailsViewController.swift */ = {isa = PBXFileReference; fileEncoding = 4; lastKnownFileType = sourcecode.swift; path = DetailsViewController.swift; sourceTree = "<group>"; };
		906A4DEA1F167590000718C6 /* MoviesView.swift */ = {isa = PBXFileReference; fileEncoding = 4; lastKnownFileType = sourcecode.swift; path = MoviesView.swift; sourceTree = "<group>"; };
		906A4DEC1F167599000718C6 /* DetailsView.swift */ = {isa = PBXFileReference; fileEncoding = 4; lastKnownFileType = sourcecode.swift; path = DetailsView.swift; sourceTree = "<group>"; };
		B048F40410FEF04E5C3A198E /* Pods-PVMovies.debug.xcconfig */ = {isa = PBXFileReference; includeInIndex = 1; lastKnownFileType = text.xcconfig; name = "Pods-PVMovies.debug.xcconfig"; path = "Pods/Target Support Files/Pods-PVMovies/Pods-PVMovies.debug.xcconfig"; sourceTree = "<group>"; };
		D56D82A9C41DFC2CBE0FEE36 /* Pods_PVMovies.framework */ = {isa = PBXFileReference; explicitFileType = wrapper.framework; includeInIndex = 0; path = Pods_PVMovies.framework; sourceTree = BUILT_PRODUCTS_DIR; };
/* End PBXFileReference section */

/* Begin PBXFrameworksBuildPhase section */
		906A4DC21F16737C000718C6 /* Frameworks */ = {
			isa = PBXFrameworksBuildPhase;
			buildActionMask = 2147483647;
			files = (
				383B0F812EA49AF1A400E62A /* Pods_PVMovies.framework in Frameworks */,
			);
			runOnlyForDeploymentPostprocessing = 0;
		};
/* End PBXFrameworksBuildPhase section */

/* Begin PBXGroup section */
		1A89C6463AF941227F9A1140 /* Pods */ = {
			isa = PBXGroup;
			children = (
				B048F40410FEF04E5C3A198E /* Pods-PVMovies.debug.xcconfig */,
				3A61A351DBEBF86926F7989B /* Pods-PVMovies.release.xcconfig */,
			);
			name = Pods;
			sourceTree = "<group>";
		};
		906A4DBC1F16737C000718C6 = {
			isa = PBXGroup;
			children = (
				906A4DC71F16737C000718C6 /* PVMovies */,
				906A4DC61F16737C000718C6 /* Products */,
				1A89C6463AF941227F9A1140 /* Pods */,
				B4FD271CD3F669F803973B8E /* Frameworks */,
			);
			sourceTree = "<group>";
		};
		906A4DC61F16737C000718C6 /* Products */ = {
			isa = PBXGroup;
			children = (
				906A4DC51F16737C000718C6 /* PVMovies.app */,
			);
			name = Products;
			sourceTree = "<group>";
		};
		906A4DC71F16737C000718C6 /* PVMovies */ = {
			isa = PBXGroup;
			children = (
				906A4DDC1F1673B6000718C6 /* MainApp */,
				906A4DDF1F1674EC000718C6 /* LaunchModule */,
				906A4DE01F1674F4000718C6 /* MoviesModule */,
				906A4DE11F167505000718C6 /* DetailsModule */,
				906A4DDB1F16739C000718C6 /* Supporting */,
			);
			path = PVMovies;
			sourceTree = "<group>";
		};
		906A4DDB1F16739C000718C6 /* Supporting */ = {
			isa = PBXGroup;
			children = (
				906A4DCF1F16737C000718C6 /* Assets.xcassets */,
				906A4DD11F16737C000718C6 /* LaunchScreen.storyboard */,
				906A4DD41F16737C000718C6 /* Info.plist */,
			);
			name = Supporting;
			sourceTree = "<group>";
		};
		906A4DDC1F1673B6000718C6 /* MainApp */ = {
			isa = PBXGroup;
			children = (
				906A4DC81F16737C000718C6 /* AppDelegate.swift */,
				906A4DDD1F16745C000718C6 /* AppNavigationController.swift */,
				906A4DCC1F16737C000718C6 /* Main.storyboard */,
			);
			name = MainApp;
			sourceTree = "<group>";
		};
		906A4DDF1F1674EC000718C6 /* LaunchModule */ = {
			isa = PBXGroup;
			children = (
				906A4DE21F167537000718C6 /* LaunchViewController.swift */,
				906A4DE41F16755B000718C6 /* LaunchView.swift */,
			);
			name = LaunchModule;
			sourceTree = "<group>";
		};
		906A4DE01F1674F4000718C6 /* MoviesModule */ = {
			isa = PBXGroup;
			children = (
				906A4DE61F16756D000718C6 /* MoviesViewController.swift */,
				906A4DEA1F167590000718C6 /* MoviesView.swift */,
			);
			name = MoviesModule;
			sourceTree = "<group>";
		};
		906A4DE11F167505000718C6 /* DetailsModule */ = {
			isa = PBXGroup;
			children = (
				906A4DE81F167582000718C6 /* DetailsViewController.swift */,
				906A4DEC1F167599000718C6 /* DetailsView.swift */,
			);
			name = DetailsModule;
			sourceTree = "<group>";
		};
		B4FD271CD3F669F803973B8E /* Frameworks */ = {
			isa = PBXGroup;
			children = (
				D56D82A9C41DFC2CBE0FEE36 /* Pods_PVMovies.framework */,
			);
			name = Frameworks;
			sourceTree = "<group>";
		};
/* End PBXGroup section */

/* Begin PBXNativeTarget section */
		906A4DC41F16737C000718C6 /* PVMovies */ = {
			isa = PBXNativeTarget;
			buildConfigurationList = 906A4DD71F16737C000718C6 /* Build configuration list for PBXNativeTarget "PVMovies" */;
			buildPhases = (
				97BFE8AF3B96EBE9AD9C06EB /* [CP] Check Pods Manifest.lock */,
				906A4DC11F16737C000718C6 /* Sources */,
				906A4DC21F16737C000718C6 /* Frameworks */,
				906A4DC31F16737C000718C6 /* Resources */,
				FC417CFE76B6E076AFD9CD44 /* [CP] Embed Pods Frameworks */,
				C101E9183AA8AEE9ABF7673C /* [CP] Copy Pods Resources */,
			);
			buildRules = (
			);
			dependencies = (
			);
			name = PVMovies;
			productName = PVMovies;
			productReference = 906A4DC51F16737C000718C6 /* PVMovies.app */;
			productType = "com.apple.product-type.application";
		};
/* End PBXNativeTarget section */

/* Begin PBXProject section */
		906A4DBD1F16737C000718C6 /* Project object */ = {
			isa = PBXProject;
			attributes = {
				LastSwiftUpdateCheck = 0820;
				LastUpgradeCheck = 0820;
				ORGANIZATIONNAME = "Marie Park";
				TargetAttributes = {
					906A4DC41F16737C000718C6 = {
						CreatedOnToolsVersion = 8.2.1;
						DevelopmentTeam = LL5C5F8ENK;
						ProvisioningStyle = Automatic;
					};
				};
			};
			buildConfigurationList = 906A4DC01F16737C000718C6 /* Build configuration list for PBXProject "PVMovies" */;
			compatibilityVersion = "Xcode 3.2";
			developmentRegion = English;
			hasScannedForEncodings = 0;
			knownRegions = (
				en,
				Base,
			);
			mainGroup = 906A4DBC1F16737C000718C6;
			productRefGroup = 906A4DC61F16737C000718C6 /* Products */;
			projectDirPath = "";
			projectRoot = "";
			targets = (
				906A4DC41F16737C000718C6 /* PVMovies */,
			);
		};
/* End PBXProject section */

/* Begin PBXResourcesBuildPhase section */
		906A4DC31F16737C000718C6 /* Resources */ = {
			isa = PBXResourcesBuildPhase;
			buildActionMask = 2147483647;
			files = (
				906A4DD31F16737C000718C6 /* LaunchScreen.storyboard in Resources */,
				906A4DD01F16737C000718C6 /* Assets.xcassets in Resources */,
				906A4DCE1F16737C000718C6 /* Main.storyboard in Resources */,
			);
			runOnlyForDeploymentPostprocessing = 0;
		};
/* End PBXResourcesBuildPhase section */

/* Begin PBXShellScriptBuildPhase section */
		97BFE8AF3B96EBE9AD9C06EB /* [CP] Check Pods Manifest.lock */ = {
			isa = PBXShellScriptBuildPhase;
			buildActionMask = 2147483647;
			files = (
			);
			inputPaths = (
			);
			name = "[CP] Check Pods Manifest.lock";
			outputPaths = (
			);
			runOnlyForDeploymentPostprocessing = 0;
			shellPath = /bin/sh;
			shellScript = "diff \"${PODS_PODFILE_DIR_PATH}/Podfile.lock\" \"${PODS_ROOT}/Manifest.lock\" > /dev/null\nif [ $? != 0 ] ; then\n    # print error to STDERR\n    echo \"error: The sandbox is not in sync with the Podfile.lock. Run 'pod install' or update your CocoaPods installation.\" >&2\n    exit 1\nfi\n";
			showEnvVarsInLog = 0;
		};
		C101E9183AA8AEE9ABF7673C /* [CP] Copy Pods Resources */ = {
			isa = PBXShellScriptBuildPhase;
			buildActionMask = 2147483647;
			files = (
			);
			inputPaths = (
			);
			name = "[CP] Copy Pods Resources";
			outputPaths = (
			);
			runOnlyForDeploymentPostprocessing = 0;
			shellPath = /bin/sh;
			shellScript = "\"${SRCROOT}/Pods/Target Support Files/Pods-PVMovies/Pods-PVMovies-resources.sh\"\n";
			showEnvVarsInLog = 0;
		};
		FC417CFE76B6E076AFD9CD44 /* [CP] Embed Pods Frameworks */ = {
			isa = PBXShellScriptBuildPhase;
			buildActionMask = 2147483647;
			files = (
			);
			inputPaths = (
			);
			name = "[CP] Embed Pods Frameworks";
			outputPaths = (
			);
			runOnlyForDeploymentPostprocessing = 0;
			shellPath = /bin/sh;
			shellScript = "\"${SRCROOT}/Pods/Target Support Files/Pods-PVMovies/Pods-PVMovies-frameworks.sh\"\n";
			showEnvVarsInLog = 0;
		};
/* End PBXShellScriptBuildPhase section */

/* Begin PBXSourcesBuildPhase section */
		906A4DC11F16737C000718C6 /* Sources */ = {
			isa = PBXSourcesBuildPhase;
			buildActionMask = 2147483647;
			files = (
				906A4DC91F16737C000718C6 /* AppDelegate.swift in Sources */,
				906A4DE71F16756D000718C6 /* MoviesViewController.swift in Sources */,
				906A4DE51F16755B000718C6 /* LaunchView.swift in Sources */,
				906A4DE31F167537000718C6 /* LaunchViewController.swift in Sources */,
				906A4DEB1F167590000718C6 /* MoviesView.swift in Sources */,
				906A4DED1F167599000718C6 /* DetailsView.swift in Sources */,
				906A4DDE1F16745C000718C6 /* AppNavigationController.swift in Sources */,
				906A4DE91F167582000718C6 /* DetailsViewController.swift in Sources */,
			);
			runOnlyForDeploymentPostprocessing = 0;
		};
/* End PBXSourcesBuildPhase section */

/* Begin PBXVariantGroup section */
		906A4DCC1F16737C000718C6 /* Main.storyboard */ = {
			isa = PBXVariantGroup;
			children = (
				906A4DCD1F16737C000718C6 /* Base */,
			);
			name = Main.storyboard;
			sourceTree = "<group>";
		};
		906A4DD11F16737C000718C6 /* LaunchScreen.storyboard */ = {
			isa = PBXVariantGroup;
			children = (
				906A4DD21F16737C000718C6 /* Base */,
			);
			name = LaunchScreen.storyboard;
			sourceTree = "<group>";
		};
/* End PBXVariantGroup section */

/* Begin XCBuildConfiguration section */
		906A4DD51F16737C000718C6 /* Debug */ = {
			isa = XCBuildConfiguration;
			buildSettings = {
				ALWAYS_SEARCH_USER_PATHS = NO;
				CLANG_ANALYZER_NONNULL = YES;
				CLANG_CXX_LANGUAGE_STANDARD = "gnu++0x";
				CLANG_CXX_LIBRARY = "libc++";
				CLANG_ENABLE_MODULES = YES;
				CLANG_ENABLE_OBJC_ARC = YES;
				CLANG_WARN_BOOL_CONVERSION = YES;
				CLANG_WARN_CONSTANT_CONVERSION = YES;
				CLANG_WARN_DIRECT_OBJC_ISA_USAGE = YES_ERROR;
				CLANG_WARN_DOCUMENTATION_COMMENTS = YES;
				CLANG_WARN_EMPTY_BODY = YES;
				CLANG_WARN_ENUM_CONVERSION = YES;
				CLANG_WARN_INFINITE_RECURSION = YES;
				CLANG_WARN_INT_CONVERSION = YES;
				CLANG_WARN_OBJC_ROOT_CLASS = YES_ERROR;
				CLANG_WARN_SUSPICIOUS_MOVE = YES;
				CLANG_WARN_UNREACHABLE_CODE = YES;
				CLANG_WARN__DUPLICATE_METHOD_MATCH = YES;
				"CODE_SIGN_IDENTITY[sdk=iphoneos*]" = "iPhone Developer";
				COPY_PHASE_STRIP = NO;
				DEBUG_INFORMATION_FORMAT = dwarf;
				ENABLE_STRICT_OBJC_MSGSEND = YES;
				ENABLE_TESTABILITY = YES;
				GCC_C_LANGUAGE_STANDARD = gnu99;
				GCC_DYNAMIC_NO_PIC = NO;
				GCC_NO_COMMON_BLOCKS = YES;
				GCC_OPTIMIZATION_LEVEL = 0;
				GCC_PREPROCESSOR_DEFINITIONS = (
					"DEBUG=1",
					"$(inherited)",
				);
				GCC_WARN_64_TO_32_BIT_CONVERSION = YES;
				GCC_WARN_ABOUT_RETURN_TYPE = YES_ERROR;
				GCC_WARN_UNDECLARED_SELECTOR = YES;
				GCC_WARN_UNINITIALIZED_AUTOS = YES_AGGRESSIVE;
				GCC_WARN_UNUSED_FUNCTION = YES;
				GCC_WARN_UNUSED_VARIABLE = YES;
				IPHONEOS_DEPLOYMENT_TARGET = 10.2;
				MTL_ENABLE_DEBUG_INFO = YES;
				ONLY_ACTIVE_ARCH = YES;
				SDKROOT = iphoneos;
				SWIFT_ACTIVE_COMPILATION_CONDITIONS = DEBUG;
				SWIFT_OPTIMIZATION_LEVEL = "-Onone";
				TARGETED_DEVICE_FAMILY = "1,2";
			};
			name = Debug;
		};
		906A4DD61F16737C000718C6 /* Release */ = {
			isa = XCBuildConfiguration;
			buildSettings = {
				ALWAYS_SEARCH_USER_PATHS = NO;
				CLANG_ANALYZER_NONNULL = YES;
				CLANG_CXX_LANGUAGE_STANDARD = "gnu++0x";
				CLANG_CXX_LIBRARY = "libc++";
				CLANG_ENABLE_MODULES = YES;
				CLANG_ENABLE_OBJC_ARC = YES;
				CLANG_WARN_BOOL_CONVERSION = YES;
				CLANG_WARN_CONSTANT_CONVERSION = YES;
				CLANG_WARN_DIRECT_OBJC_ISA_USAGE = YES_ERROR;
				CLANG_WARN_DOCUMENTATION_COMMENTS = YES;
				CLANG_WARN_EMPTY_BODY = YES;
				CLANG_WARN_ENUM_CONVERSION = YES;
				CLANG_WARN_INFINITE_RECURSION = YES;
				CLANG_WARN_INT_CONVERSION = YES;
				CLANG_WARN_OBJC_ROOT_CLASS = YES_ERROR;
				CLANG_WARN_SUSPICIOUS_MOVE = YES;
				CLANG_WARN_UNREACHABLE_CODE = YES;
				CLANG_WARN__DUPLICATE_METHOD_MATCH = YES;
				"CODE_SIGN_IDENTITY[sdk=iphoneos*]" = "iPhone Developer";
				COPY_PHASE_STRIP = NO;
				DEBUG_INFORMATION_FORMAT = "dwarf-with-dsym";
				ENABLE_NS_ASSERTIONS = NO;
				ENABLE_STRICT_OBJC_MSGSEND = YES;
				GCC_C_LANGUAGE_STANDARD = gnu99;
				GCC_NO_COMMON_BLOCKS = YES;
				GCC_WARN_64_TO_32_BIT_CONVERSION = YES;
				GCC_WARN_ABOUT_RETURN_TYPE = YES_ERROR;
				GCC_WARN_UNDECLARED_SELECTOR = YES;
				GCC_WARN_UNINITIALIZED_AUTOS = YES_AGGRESSIVE;
				GCC_WARN_UNUSED_FUNCTION = YES;
				GCC_WARN_UNUSED_VARIABLE = YES;
				IPHONEOS_DEPLOYMENT_TARGET = 10.2;
				MTL_ENABLE_DEBUG_INFO = NO;
				SDKROOT = iphoneos;
				SWIFT_OPTIMIZATION_LEVEL = "-Owholemodule";
				TARGETED_DEVICE_FAMILY = "1,2";
				VALIDATE_PRODUCT = YES;
			};
			name = Release;
		};
		906A4DD81F16737C000718C6 /* Debug */ = {
			isa = XCBuildConfiguration;
			baseConfigurationReference = B048F40410FEF04E5C3A198E /* Pods-PVMovies.debug.xcconfig */;
			buildSettings = {
				ASSETCATALOG_COMPILER_APPICON_NAME = AppIcon;
				DEVELOPMENT_TEAM = LL5C5F8ENK;
				INFOPLIST_FILE = PVMovies/Info.plist;
				LD_RUNPATH_SEARCH_PATHS = "$(inherited) @executable_path/Frameworks";
				PRODUCT_BUNDLE_IDENTIFIER = mariecodes.PVMovies;
				PRODUCT_NAME = "$(TARGET_NAME)";
				SWIFT_VERSION = 3.0;
			};
			name = Debug;
		};
		906A4DD91F16737C000718C6 /* Release */ = {
			isa = XCBuildConfiguration;
			baseConfigurationReference = 3A61A351DBEBF86926F7989B /* Pods-PVMovies.release.xcconfig */;
			buildSettings = {
				ASSETCATALOG_COMPILER_APPICON_NAME = AppIcon;
				DEVELOPMENT_TEAM = LL5C5F8ENK;
				INFOPLIST_FILE = PVMovies/Info.plist;
				LD_RUNPATH_SEARCH_PATHS = "$(inherited) @executable_path/Frameworks";
				PRODUCT_BUNDLE_IDENTIFIER = mariecodes.PVMovies;
				PRODUCT_NAME = "$(TARGET_NAME)";
				SWIFT_VERSION = 3.0;
			};
			name = Release;
		};
/* End XCBuildConfiguration section */

/* Begin XCConfigurationList section */
		906A4DC01F16737C000718C6 /* Build configuration list for PBXProject "PVMovies" */ = {
			isa = XCConfigurationList;
			buildConfigurations = (
				906A4DD51F16737C000718C6 /* Debug */,
				906A4DD61F16737C000718C6 /* Release */,
			);
			defaultConfigurationIsVisible = 0;
			defaultConfigurationName = Release;
		};
		906A4DD71F16737C000718C6 /* Build configuration list for PBXNativeTarget "PVMovies" */ = {
			isa = XCConfigurationList;
			buildConfigurations = (
				906A4DD81F16737C000718C6 /* Debug */,
				906A4DD91F16737C000718C6 /* Release */,
			);
			defaultConfigurationIsVisible = 0;
		};
/* End XCConfigurationList section */
	};
	rootObject = 906A4DBD1F16737C000718C6 /* Project object */;
}
